
Microsoft Visual Studio Solution File, Format Version 12.00
# Visual Studio Version 16
VisualStudioVersion = 16.0.31624.102
MinimumVisualStudioVersion = 10.0.40219.1
Project("{FAE04EC0-301F-11D3-BF4B-00C04F79EFBC}") = "MULTIPARTFORM-DATA", "MULTIPARTFORM-DATA\MULTIPARTFORM-DATA.csproj", "{DB87E34F-C914-40D4-8915-1E28CF4BE749}"
EndProject
Global
	GlobalSection(SolutionConfigurationPlatforms) = preSolution
		Debug|Any CPU = Debug|Any CPU
		Release|Any CPU = Release|Any CPU
	EndGlobalSection
	GlobalSection(ProjectConfigurationPlatforms) = postSolution
		{DB87E34F-C914-40D4-8915-1E28CF4BE749}.Debug|Any CPU.ActiveCfg = Debug|Any CPU
		{DB87E34F-C914-40D4-8915-1E28CF4BE749}.Debug|Any CPU.Build.0 = Debug|Any CPU
		{DB87E34F-C914-40D4-8915-1E28CF4BE749}.Release|Any CPU.ActiveCfg = Release|Any CPU
		{DB87E34F-C914-40D4-8915-1E28CF4BE749}.Release|Any CPU.Build.0 = Release|Any CPU
	EndGlobalSection
	GlobalSection(SolutionProperties) = preSolution
		HideSolutionNode = FALSE
	EndGlobalSection
	GlobalSection(ExtensibilityGlobals) = postSolution
		SolutionGuid = {B8CEB004-E4D6-405D-8425-4F85F1FE326E}
	EndGlobalSection
EndGlobal
